
Microsoft Visual Studio Solution File, Format Version 12.00
# Visual Studio Version 17
VisualStudioVersion = 17.11.35303.130
MinimumVisualStudioVersion = 10.0.40219.1
Project("{FAE04EC0-301F-11D3-BF4B-00C04F79EFBC}") = "AuthApi", "AuthApi\AuthApi.csproj", "{64BD6A40-C6AE-4DE2-AEC8-4E44C95918B3}"
EndProject
Global
	GlobalSection(SolutionConfigurationPlatforms) = preSolution
		Debug|Any CPU = Debug|Any CPU
		Release|Any CPU = Release|Any CPU
	EndGlobalSection
	GlobalSection(ProjectConfigurationPlatforms) = postSolution
		{64BD6A40-C6AE-4DE2-AEC8-4E44C95918B3}.Debug|Any CPU.ActiveCfg = Debug|Any CPU
		{64BD6A40-C6AE-4DE2-AEC8-4E44C95918B3}.Debug|Any CPU.Build.0 = Debug|Any CPU
		{64BD6A40-C6AE-4DE2-AEC8-4E44C95918B3}.Release|Any CPU.ActiveCfg = Release|Any CPU
		{64BD6A40-C6AE-4DE2-AEC8-4E44C95918B3}.Release|Any CPU.Build.0 = Release|Any CPU
	EndGlobalSection
	GlobalSection(SolutionProperties) = preSolution
		HideSolutionNode = FALSE
	EndGlobalSection
	GlobalSection(ExtensibilityGlobals) = postSolution
		SolutionGuid = {0D9F81E8-5DD2-430D-9FC9-102FA22B80E6}
	EndGlobalSection
EndGlobal
