
Microsoft Visual Studio Solution File, Format Version 12.00
# Visual Studio Version 17
VisualStudioVersion = 17.11.35303.130
MinimumVisualStudioVersion = 10.0.40219.1
Project("{9A19103F-16F7-4668-BE54-9A1E7A4F7556}") = "ApiGateway", "ApiGateway\ApiGateway.csproj", "{0D376EA5-3412-4C64-8F56-BD66BF772303}"
EndProject
Global
	GlobalSection(SolutionConfigurationPlatforms) = preSolution
		Debug|Any CPU = Debug|Any CPU
		Release|Any CPU = Release|Any CPU
	EndGlobalSection
	GlobalSection(ProjectConfigurationPlatforms) = postSolution
		{0D376EA5-3412-4C64-8F56-BD66BF772303}.Debug|Any CPU.ActiveCfg = Debug|Any CPU
		{0D376EA5-3412-4C64-8F56-BD66BF772303}.Debug|Any CPU.Build.0 = Debug|Any CPU
		{0D376EA5-3412-4C64-8F56-BD66BF772303}.Release|Any CPU.ActiveCfg = Release|Any CPU
		{0D376EA5-3412-4C64-8F56-BD66BF772303}.Release|Any CPU.Build.0 = Release|Any CPU
	EndGlobalSection
	GlobalSection(SolutionProperties) = preSolution
		HideSolutionNode = FALSE
	EndGlobalSection
	GlobalSection(ExtensibilityGlobals) = postSolution
		SolutionGuid = {B7E17800-8E38-46BD-827B-EC73E630E3D0}
	EndGlobalSection
EndGlobal
